{
  "name": "coolwiki",
  "lockfileVersion": 3,
  "requires": true,
  "packages": {
    "": {
      "name": "coolwiki",
      "devDependencies": {
        "windicss": "^3.5.6"
      }
    },
    "node_modules/windicss": {
      "version": "3.5.6",
      "resolved": "https://registry.npmjs.org/windicss/-/windicss-3.5.6.tgz",
      "integrity": "sha512-P1mzPEjgFMZLX0ZqfFht4fhV/FX8DTG7ERG1fBLiWvd34pTLVReS5CVsewKn9PApSgXnVfPWwvq+qUsRwpnwFA==",
      "dev": true,
      "license": "MIT",
      "bin": {
        "windicss": "cli/index.js"
      },
      "engines": {
        "node": ">= 12"
      }
    }
  }
}
